
Microsoft Visual Studio Solution File, Format Version 12.00
# Visual Studio Version 17
VisualStudioVersion = 17.13.35818.85
MinimumVisualStudioVersion = 10.0.40219.1
Project("{FAE04EC0-301F-11D3-BF4B-00C04F79EFBC}") = "Reverse String", "Reverse_String\Reverse String.csproj", "{A91B888D-1102-4F91-88AC-82380C2F8035}"
EndProject
Project("{FAE04EC0-301F-11D3-BF4B-00C04F79EFBC}") = "Vacuum Cleaner Route", "Vacuum Cleaner Route\Vacuum Cleaner Route.csproj", "{09BABC81-0193-4F81-919F-8B873C1D0BBF}"
EndProject
Project("{FAE04EC0-301F-11D3-BF4B-00C04F79EFBC}") = "Contains Duplicate", "Contains Duplicate\Contains Duplicate.csproj", "{3BE34A35-482C-4104-82D3-832D2B9238EB}"
EndProject
Project("{FAE04EC0-301F-11D3-BF4B-00C04F79EFBC}") = "Valid Anagram", "Valid Anagram\Valid Anagram.csproj", "{441BDFB3-1AEC-41D7-9AF5-344D4161BB31}"
EndProject
Project("{FAE04EC0-301F-11D3-BF4B-00C04F79EFBC}") = "Ransom Note", "Ransom Note\Ransom Note.csproj", "{45CD6109-A603-4AAE-AD35-383B1CE9AF3D}"
EndProject
Project("{FAE04EC0-301F-11D3-BF4B-00C04F79EFBC}") = "Two Sums", "Two Sums\Two Sums.csproj", "{A58709F8-5A2F-4246-BBD6-BB35732530B1}"
EndProject
Project("{FAE04EC0-301F-11D3-BF4B-00C04F79EFBC}") = "Longest Common Prefix", "Longest Common Prefix\Longest Common Prefix.csproj", "{7EBC7C90-A9C6-4483-9243-A8176BE6933D}"
EndProject
Global
	GlobalSection(SolutionConfigurationPlatforms) = preSolution
		Debug|Any CPU = Debug|Any CPU
		Release|Any CPU = Release|Any CPU
	EndGlobalSection
	GlobalSection(ProjectConfigurationPlatforms) = postSolution
		{A91B888D-1102-4F91-88AC-82380C2F8035}.Debug|Any CPU.ActiveCfg = Debug|Any CPU
		{A91B888D-1102-4F91-88AC-82380C2F8035}.Debug|Any CPU.Build.0 = Debug|Any CPU
		{A91B888D-1102-4F91-88AC-82380C2F8035}.Release|Any CPU.ActiveCfg = Release|Any CPU
		{A91B888D-1102-4F91-88AC-82380C2F8035}.Release|Any CPU.Build.0 = Release|Any CPU
		{09BABC81-0193-4F81-919F-8B873C1D0BBF}.Debug|Any CPU.ActiveCfg = Debug|Any CPU
		{09BABC81-0193-4F81-919F-8B873C1D0BBF}.Debug|Any CPU.Build.0 = Debug|Any CPU
		{09BABC81-0193-4F81-919F-8B873C1D0BBF}.Release|Any CPU.ActiveCfg = Release|Any CPU
		{09BABC81-0193-4F81-919F-8B873C1D0BBF}.Release|Any CPU.Build.0 = Release|Any CPU
		{3BE34A35-482C-4104-82D3-832D2B9238EB}.Debug|Any CPU.ActiveCfg = Debug|Any CPU
		{3BE34A35-482C-4104-82D3-832D2B9238EB}.Debug|Any CPU.Build.0 = Debug|Any CPU
		{3BE34A35-482C-4104-82D3-832D2B9238EB}.Release|Any CPU.ActiveCfg = Release|Any CPU
		{3BE34A35-482C-4104-82D3-832D2B9238EB}.Release|Any CPU.Build.0 = Release|Any CPU
		{441BDFB3-1AEC-41D7-9AF5-344D4161BB31}.Debug|Any CPU.ActiveCfg = Debug|Any CPU
		{441BDFB3-1AEC-41D7-9AF5-344D4161BB31}.Debug|Any CPU.Build.0 = Debug|Any CPU
		{441BDFB3-1AEC-41D7-9AF5-344D4161BB31}.Release|Any CPU.ActiveCfg = Release|Any CPU
		{441BDFB3-1AEC-41D7-9AF5-344D4161BB31}.Release|Any CPU.Build.0 = Release|Any CPU
		{45CD6109-A603-4AAE-AD35-383B1CE9AF3D}.Debug|Any CPU.ActiveCfg = Debug|Any CPU
		{45CD6109-A603-4AAE-AD35-383B1CE9AF3D}.Debug|Any CPU.Build.0 = Debug|Any CPU
		{45CD6109-A603-4AAE-AD35-383B1CE9AF3D}.Release|Any CPU.ActiveCfg = Release|Any CPU
		{45CD6109-A603-4AAE-AD35-383B1CE9AF3D}.Release|Any CPU.Build.0 = Release|Any CPU
		{A58709F8-5A2F-4246-BBD6-BB35732530B1}.Debug|Any CPU.ActiveCfg = Debug|Any CPU
		{A58709F8-5A2F-4246-BBD6-BB35732530B1}.Debug|Any CPU.Build.0 = Debug|Any CPU
		{A58709F8-5A2F-4246-BBD6-BB35732530B1}.Release|Any CPU.ActiveCfg = Release|Any CPU
		{A58709F8-5A2F-4246-BBD6-BB35732530B1}.Release|Any CPU.Build.0 = Release|Any CPU
		{7EBC7C90-A9C6-4483-9243-A8176BE6933D}.Debug|Any CPU.ActiveCfg = Debug|Any CPU
		{7EBC7C90-A9C6-4483-9243-A8176BE6933D}.Debug|Any CPU.Build.0 = Debug|Any CPU
		{7EBC7C90-A9C6-4483-9243-A8176BE6933D}.Release|Any CPU.ActiveCfg = Release|Any CPU
		{7EBC7C90-A9C6-4483-9243-A8176BE6933D}.Release|Any CPU.Build.0 = Release|Any CPU
	EndGlobalSection
	GlobalSection(SolutionProperties) = preSolution
		HideSolutionNode = FALSE
	EndGlobalSection
	GlobalSection(ExtensibilityGlobals) = postSolution
		SolutionGuid = {3E989C35-664C-4B84-94AE-CB7CFD0AAF35}
	EndGlobalSection
EndGlobal
